// !$*UTF8*$!
{
	archiveVersion = 1;
	classes = {
	};
	objectVersion = 70;
	objects = {

/* Begin PBXContainerItemProxy section */
		BAB4D0592A42A80400B340C5 /* PBXContainerItemProxy */ = {
			isa = PBXContainerItemProxy;
			containerPortal = BAB4D03A2A42A80300B340C5 /* Project object */;
			proxyType = 1;
			remoteGlobalIDString = BAB4D0412A42A80300B340C5;
			remoteInfo = PlaygroundUIKit;
		};
		BAB4D0632A42A80400B340C5 /* PBXContainerItemProxy */ = {
			isa = PBXContainerItemProxy;
			containerPortal = BAB4D03A2A42A80300B340C5 /* Project object */;
			proxyType = 1;
			remoteGlobalIDString = BAB4D0412A42A80300B340C5;
			remoteInfo = PlaygroundUIKit;
		};
/* End PBXContainerItemProxy section */

/* Begin PBXFileReference section */
		BAB4D0422A42A80300B340C5 /* PlaygroundUIKit.app */ = {isa = PBXFileReference; explicitFileType = wrapper.application; includeInIndex = 0; path = PlaygroundUIKit.app; sourceTree = BUILT_PRODUCTS_DIR; };
		BAB4D0582A42A80400B340C5 /* PlaygroundUIKitTests.xctest */ = {isa = PBXFileReference; explicitFileType = wrapper.cfbundle; includeInIndex = 0; path = PlaygroundUIKitTests.xctest; sourceTree = BUILT_PRODUCTS_DIR; };
		BAB4D0622A42A80400B340C5 /* PlaygroundUIKitUITests.xctest */ = {isa = PBXFileReference; explicitFileType = wrapper.cfbundle; includeInIndex = 0; path = PlaygroundUIKitUITests.xctest; sourceTree = BUILT_PRODUCTS_DIR; };
/* End PBXFileReference section */

/* Begin PBXFileSystemSynchronizedBuildFileExceptionSet section */
		E147D8D92E44296C00608759 /* PBXFileSystemSynchronizedBuildFileExceptionSet */ = {
			isa = PBXFileSystemSynchronizedBuildFileExceptionSet;
			membershipExceptions = (
				Info.plist,
			);
			target = BAB4D0412A42A80300B340C5 /* PlaygroundUIKit */;
		};
/* End PBXFileSystemSynchronizedBuildFileExceptionSet section */

/* Begin PBXFileSystemSynchronizedRootGroup section */
		E147D8A52E44296C00608759 /* PlaygroundUIKit */ = {isa = PBXFileSystemSynchronizedRootGroup; exceptions = (E147D8D92E44296C00608759 /* PBXFileSystemSynchronizedBuildFileExceptionSet */, ); explicitFileTypes = {}; explicitFolders = (); path = PlaygroundUIKit; sourceTree = "<group>"; };
		E147D8DB2E44297100608759 /* PlaygroundUIKitTests */ = {isa = PBXFileSystemSynchronizedRootGroup; explicitFileTypes = {}; explicitFolders = (); path = PlaygroundUIKitTests; sourceTree = "<group>"; };
		E147D8DF2E44297500608759 /* PlaygroundUIKitUITests */ = {isa = PBXFileSystemSynchronizedRootGroup; explicitFileTypes = {}; explicitFolders = (); path = PlaygroundUIKitUITests; sourceTree = "<group>"; };
/* End PBXFileSystemSynchronizedRootGroup section */

/* Begin PBXFrameworksBuildPhase section */
		BAB4D03F2A42A80300B340C5 /* Frameworks */ = {
			isa = PBXFrameworksBuildPhase;
			buildActionMask = 2147483647;
			files = (
			);
			runOnlyForDeploymentPostprocessing = 0;
		};
		BAB4D0552A42A80400B340C5 /* Frameworks */ = {
			isa = PBXFrameworksBuildPhase;
			buildActionMask = 2147483647;
			files = (
			);
			runOnlyForDeploymentPostprocessing = 0;
		};
		BAB4D05F2A42A80400B340C5 /* Frameworks */ = {
			isa = PBXFrameworksBuildPhase;
			buildActionMask = 2147483647;
			files = (
			);
			runOnlyForDeploymentPostprocessing = 0;
		};
/* End PBXFrameworksBuildPhase section */

/* Begin PBXGroup section */
		BAB4D0392A42A80300B340C5 = {
			isa = PBXGroup;
			children = (
				E147D8A52E44296C00608759 /* PlaygroundUIKit */,
				E147D8DB2E44297100608759 /* PlaygroundUIKitTests */,
				E147D8DF2E44297500608759 /* PlaygroundUIKitUITests */,
				BAB4D0432A42A80300B340C5 /* Products */,
			);
			sourceTree = "<group>";
		};
		BAB4D0432A42A80300B340C5 /* Products */ = {
			isa = PBXGroup;
			children = (
				BAB4D0422A42A80300B340C5 /* PlaygroundUIKit.app */,
				BAB4D0582A42A80400B340C5 /* PlaygroundUIKitTests.xctest */,
				BAB4D0622A42A80400B340C5 /* PlaygroundUIKitUITests.xctest */,
			);
			name = Products;
			sourceTree = "<group>";
		};
/* End PBXGroup section */

/* Begin PBXNativeTarget section */
		BAB4D0412A42A80300B340C5 /* PlaygroundUIKit */ = {
			isa = PBXNativeTarget;
			buildConfigurationList = BAB4D06C2A42A80400B340C5 /* Build configuration list for PBXNativeTarget "PlaygroundUIKit" */;
			buildPhases = (
				BAB4D03E2A42A80300B340C5 /* Sources */,
				BAB4D03F2A42A80300B340C5 /* Frameworks */,
				BAB4D0402A42A80300B340C5 /* Resources */,
			);
			buildRules = (
			);
			dependencies = (
			);
			fileSystemSynchronizedGroups = (
				E147D8A52E44296C00608759 /* PlaygroundUIKit */,
			);
			name = PlaygroundUIKit;
			productName = PlaygroundUIKit;
			productReference = BAB4D0422A42A80300B340C5 /* PlaygroundUIKit.app */;
			productType = "com.apple.product-type.application";
		};
		BAB4D0572A42A80400B340C5 /* PlaygroundUIKitTests */ = {
			isa = PBXNativeTarget;
			buildConfigurationList = BAB4D06F2A42A80400B340C5 /* Build configuration list for PBXNativeTarget "PlaygroundUIKitTests" */;
			buildPhases = (
				BAB4D0542A42A80400B340C5 /* Sources */,
				BAB4D0552A42A80400B340C5 /* Frameworks */,
				BAB4D0562A42A80400B340C5 /* Resources */,
			);
			buildRules = (
			);
			dependencies = (
				BAB4D05A2A42A80400B340C5 /* PBXTargetDependency */,
			);
			fileSystemSynchronizedGroups = (
				E147D8DB2E44297100608759 /* PlaygroundUIKitTests */,
			);
			name = PlaygroundUIKitTests;
			productName = PlaygroundUIKitTests;
			productReference = BAB4D0582A42A80400B340C5 /* PlaygroundUIKitTests.xctest */;
			productType = "com.apple.product-type.bundle.unit-test";
		};
		BAB4D0612A42A80400B340C5 /* PlaygroundUIKitUITests */ = {
			isa = PBXNativeTarget;
			buildConfigurationList = BAB4D0722A42A80400B340C5 /* Build configuration list for PBXNativeTarget "PlaygroundUIKitUITests" */;
			buildPhases = (
				BAB4D05E2A42A80400B340C5 /* Sources */,
				BAB4D05F2A42A80400B340C5 /* Frameworks */,
				BAB4D0602A42A80400B340C5 /* Resources */,
			);
			buildRules = (
			);
			dependencies = (
				BAB4D0642A42A80400B340C5 /* PBXTargetDependency */,
			);
			fileSystemSynchronizedGroups = (
				E147D8DF2E44297500608759 /* PlaygroundUIKitUITests */,
			);
			name = PlaygroundUIKitUITests;
			productName = PlaygroundUIKitUITests;
			productReference = BAB4D0622A42A80400B340C5 /* PlaygroundUIKitUITests.xctest */;
			productType = "com.apple.product-type.bundle.ui-testing";
		};
/* End PBXNativeTarget section */

/* Begin PBXProject section */
		BAB4D03A2A42A80300B340C5 /* Project object */ = {
			isa = PBXProject;
			attributes = {
				BuildIndependentTargetsInParallel = 1;
				LastSwiftUpdateCheck = 1430;
				LastUpgradeCheck = 1540;
				TargetAttributes = {
					BAB4D0412A42A80300B340C5 = {
						CreatedOnToolsVersion = 14.3;
					};
					BAB4D0572A42A80400B340C5 = {
						CreatedOnToolsVersion = 14.3;
						TestTargetID = BAB4D0412A42A80300B340C5;
					};
					BAB4D0612A42A80400B340C5 = {
						CreatedOnToolsVersion = 14.3;
						TestTargetID = BAB4D0412A42A80300B340C5;
					};
				};
			};
			buildConfigurationList = BAB4D03D2A42A80300B340C5 /* Build configuration list for PBXProject "PlaygroundUIKit" */;
			compatibilityVersion = "Xcode 14.0";
			developmentRegion = en;
			hasScannedForEncodings = 0;
			knownRegions = (
				en,
				Base,
			);
			mainGroup = BAB4D0392A42A80300B340C5;
			productRefGroup = BAB4D0432A42A80300B340C5 /* Products */;
			projectDirPath = "";
			projectRoot = "";
			targets = (
				BAB4D0412A42A80300B340C5 /* PlaygroundUIKit */,
				BAB4D0572A42A80400B340C5 /* PlaygroundUIKitTests */,
				BAB4D0612A42A80400B340C5 /* PlaygroundUIKitUITests */,
			);
		};
/* End PBXProject section */

/* Begin PBXResourcesBuildPhase section */
		BAB4D0402A42A80300B340C5 /* Resources */ = {
			isa = PBXResourcesBuildPhase;
			buildActionMask = 2147483647;
			files = (
			);
			runOnlyForDeploymentPostprocessing = 0;
		};
		BAB4D0562A42A80400B340C5 /* Resources */ = {
			isa = PBXResourcesBuildPhase;
			buildActionMask = 2147483647;
			files = (
			);
			runOnlyForDeploymentPostprocessing = 0;
		};
		BAB4D0602A42A80400B340C5 /* Resources */ = {
			isa = PBXResourcesBuildPhase;
			buildActionMask = 2147483647;
			files = (
			);
			runOnlyForDeploymentPostprocessing = 0;
		};
/* End PBXResourcesBuildPhase section */

/* Begin PBXSourcesBuildPhase section */
		BAB4D03E2A42A80300B340C5 /* Sources */ = {
			isa = PBXSourcesBuildPhase;
			buildActionMask = 2147483647;
			files = (
			);
			runOnlyForDeploymentPostprocessing = 0;
		};
		BAB4D0542A42A80400B340C5 /* Sources */ = {
			isa = PBXSourcesBuildPhase;
			buildActionMask = 2147483647;
			files = (
			);
			runOnlyForDeploymentPostprocessing = 0;
		};
		BAB4D05E2A42A80400B340C5 /* Sources */ = {
			isa = PBXSourcesBuildPhase;
			buildActionMask = 2147483647;
			files = (
			);
			runOnlyForDeploymentPostprocessing = 0;
		};
/* End PBXSourcesBuildPhase section */

/* Begin PBXTargetDependency section */
		BAB4D05A2A42A80400B340C5 /* PBXTargetDependency */ = {
			isa = PBXTargetDependency;
			target = BAB4D0412A42A80300B340C5 /* PlaygroundUIKit */;
			targetProxy = BAB4D0592A42A80400B340C5 /* PBXContainerItemProxy */;
		};
		BAB4D0642A42A80400B340C5 /* PBXTargetDependency */ = {
			isa = PBXTargetDependency;
			target = BAB4D0412A42A80300B340C5 /* PlaygroundUIKit */;
			targetProxy = BAB4D0632A42A80400B340C5 /* PBXContainerItemProxy */;
		};
/* End PBXTargetDependency section */

/* Begin XCBuildConfiguration section */
		BAB4D06A2A42A80400B340C5 /* Debug */ = {
			isa = XCBuildConfiguration;
			buildSettings = {
				ALWAYS_SEARCH_USER_PATHS = NO;
				CLANG_ANALYZER_NONNULL = YES;
				CLANG_ANALYZER_NUMBER_OBJECT_CONVERSION = YES_AGGRESSIVE;
				CLANG_CXX_LANGUAGE_STANDARD = "gnu++20";
				CLANG_ENABLE_MODULES = YES;
				CLANG_ENABLE_OBJC_ARC = YES;
				CLANG_ENABLE_OBJC_WEAK = YES;
				CLANG_WARN_BLOCK_CAPTURE_AUTORELEASING = YES;
				CLANG_WARN_BOOL_CONVERSION = YES;
				CLANG_WARN_COMMA = YES;
				CLANG_WARN_CONSTANT_CONVERSION = YES;
				CLANG_WARN_DEPRECATED_OBJC_IMPLEMENTATIONS = YES;
				CLANG_WARN_DIRECT_OBJC_ISA_USAGE = YES_ERROR;
				CLANG_WARN_DOCUMENTATION_COMMENTS = YES;
				CLANG_WARN_EMPTY_BODY = YES;
				CLANG_WARN_ENUM_CONVERSION = YES;
				CLANG_WARN_INFINITE_RECURSION = YES;
				CLANG_WARN_INT_CONVERSION = YES;
				CLANG_WARN_NON_LITERAL_NULL_CONVERSION = YES;
				CLANG_WARN_OBJC_IMPLICIT_RETAIN_SELF = YES;
				CLANG_WARN_OBJC_LITERAL_CONVERSION = YES;
				CLANG_WARN_OBJC_ROOT_CLASS = YES_ERROR;
				CLANG_WARN_QUOTED_INCLUDE_IN_FRAMEWORK_HEADER = YES;
				CLANG_WARN_RANGE_LOOP_ANALYSIS = YES;
				CLANG_WARN_STRICT_PROTOTYPES = YES;
				CLANG_WARN_SUSPICIOUS_MOVE = YES;
				CLANG_WARN_UNGUARDED_AVAILABILITY = YES_AGGRESSIVE;
				CLANG_WARN_UNREACHABLE_CODE = YES;
				CLANG_WARN__DUPLICATE_METHOD_MATCH = YES;
				COPY_PHASE_STRIP = NO;
				DEBUG_INFORMATION_FORMAT = dwarf;
				ENABLE_STRICT_OBJC_MSGSEND = YES;
				ENABLE_TESTABILITY = YES;
				ENABLE_USER_SCRIPT_SANDBOXING = YES;
				GCC_C_LANGUAGE_STANDARD = gnu11;
				GCC_DYNAMIC_NO_PIC = NO;
				GCC_NO_COMMON_BLOCKS = YES;
				GCC_OPTIMIZATION_LEVEL = 0;
				GCC_PREPROCESSOR_DEFINITIONS = (
					"DEBUG=1",
					"$(inherited)",
				);
				GCC_WARN_64_TO_32_BIT_CONVERSION = YES;
				GCC_WARN_ABOUT_RETURN_TYPE = YES_ERROR;
				GCC_WARN_UNDECLARED_SELECTOR = YES;
				GCC_WARN_UNINITIALIZED_AUTOS = YES_AGGRESSIVE;
				GCC_WARN_UNUSED_FUNCTION = YES;
				GCC_WARN_UNUSED_VARIABLE = YES;
				IPHONEOS_DEPLOYMENT_TARGET = 14.0;
				MTL_ENABLE_DEBUG_INFO = INCLUDE_SOURCE;
				MTL_FAST_MATH = YES;
				ONLY_ACTIVE_ARCH = YES;
				SDKROOT = iphoneos;
				SWIFT_ACTIVE_COMPILATION_CONDITIONS = DEBUG;
				SWIFT_OPTIMIZATION_LEVEL = "-Onone";
				SWIFT_VERSION = 5.0;
			};
			name = Debug;
		};
		BAB4D06B2A42A80400B340C5 /* Release */ = {
			isa = XCBuildConfiguration;
			buildSettings = {
				ALWAYS_SEARCH_USER_PATHS = NO;
				CLANG_ANALYZER_NONNULL = YES;
				CLANG_ANALYZER_NUMBER_OBJECT_CONVERSION = YES_AGGRESSIVE;
				CLANG_CXX_LANGUAGE_STANDARD = "gnu++20";
				CLANG_ENABLE_MODULES = YES;
				CLANG_ENABLE_OBJC_ARC = YES;
				CLANG_ENABLE_OBJC_WEAK = YES;
				CLANG_WARN_BLOCK_CAPTURE_AUTORELEASING = YES;
				CLANG_WARN_BOOL_CONVERSION = YES;
				CLANG_WARN_COMMA = YES;
				CLANG_WARN_CONSTANT_CONVERSION = YES;
				CLANG_WARN_DEPRECATED_OBJC_IMPLEMENTATIONS = YES;
				CLANG_WARN_DIRECT_OBJC_ISA_USAGE = YES_ERROR;
				CLANG_WARN_DOCUMENTATION_COMMENTS = YES;
				CLANG_WARN_EMPTY_BODY = YES;
				CLANG_WARN_ENUM_CONVERSION = YES;
				CLANG_WARN_INFINITE_RECURSION = YES;
				CLANG_WARN_INT_CONVERSION = YES;
				CLANG_WARN_NON_LITERAL_NULL_CONVERSION = YES;
				CLANG_WARN_OBJC_IMPLICIT_RETAIN_SELF = YES;
				CLANG_WARN_OBJC_LITERAL_CONVERSION = YES;
				CLANG_WARN_OBJC_ROOT_CLASS = YES_ERROR;
				CLANG_WARN_QUOTED_INCLUDE_IN_FRAMEWORK_HEADER = YES;
				CLANG_WARN_RANGE_LOOP_ANALYSIS = YES;
				CLANG_WARN_STRICT_PROTOTYPES = YES;
				CLANG_WARN_SUSPICIOUS_MOVE = YES;
				CLANG_WARN_UNGUARDED_AVAILABILITY = YES_AGGRESSIVE;
				CLANG_WARN_UNREACHABLE_CODE = YES;
				CLANG_WARN__DUPLICATE_METHOD_MATCH = YES;
				COPY_PHASE_STRIP = NO;
				DEBUG_INFORMATION_FORMAT = "dwarf-with-dsym";
				ENABLE_NS_ASSERTIONS = NO;
				ENABLE_STRICT_OBJC_MSGSEND = YES;
				ENABLE_USER_SCRIPT_SANDBOXING = YES;
				GCC_C_LANGUAGE_STANDARD = gnu11;
				GCC_NO_COMMON_BLOCKS = YES;
				GCC_WARN_64_TO_32_BIT_CONVERSION = YES;
				GCC_WARN_ABOUT_RETURN_TYPE = YES_ERROR;
				GCC_WARN_UNDECLARED_SELECTOR = YES;
				GCC_WARN_UNINITIALIZED_AUTOS = YES_AGGRESSIVE;
				GCC_WARN_UNUSED_FUNCTION = YES;
				GCC_WARN_UNUSED_VARIABLE = YES;
				IPHONEOS_DEPLOYMENT_TARGET = 14.0;
				MTL_ENABLE_DEBUG_INFO = NO;
				MTL_FAST_MATH = YES;
				SDKROOT = iphoneos;
				SWIFT_COMPILATION_MODE = wholemodule;
				SWIFT_OPTIMIZATION_LEVEL = "-O";
				SWIFT_VERSION = 5.0;
				VALIDATE_PRODUCT = YES;
			};
			name = Release;
		};
		BAB4D06D2A42A80400B340C5 /* Debug */ = {
			isa = XCBuildConfiguration;
			buildSettings = {
				ASSETCATALOG_COMPILER_APPICON_NAME = AppIcon;
				ASSETCATALOG_COMPILER_GLOBAL_ACCENT_COLOR_NAME = AccentColor;
				CODE_SIGN_STYLE = Automatic;
				CURRENT_PROJECT_VERSION = 1;
				DEVELOPMENT_TEAM = 52FPZ2M6AZ;
				GENERATE_INFOPLIST_FILE = YES;
				INFOPLIST_FILE = PlaygroundUIKit/Info.plist;
				INFOPLIST_KEY_UIApplicationSupportsIndirectInputEvents = YES;
				INFOPLIST_KEY_UILaunchStoryboardName = LaunchScreen;
				INFOPLIST_KEY_UISupportedInterfaceOrientations_iPad = "UIInterfaceOrientationPortrait UIInterfaceOrientationPortraitUpsideDown UIInterfaceOrientationLandscapeLeft UIInterfaceOrientationLandscapeRight";
				INFOPLIST_KEY_UISupportedInterfaceOrientations_iPhone = "UIInterfaceOrientationPortrait UIInterfaceOrientationLandscapeLeft UIInterfaceOrientationLandscapeRight";
				LD_RUNPATH_SEARCH_PATHS = (
					"$(inherited)",
					"@executable_path/Frameworks",
				);
				MARKETING_VERSION = 1.0;
				PRODUCT_BUNDLE_IDENTIFIER = com.takumi.sakai.PlaygroundUIKit;
				PRODUCT_NAME = "$(TARGET_NAME)";
				SWIFT_EMIT_LOC_STRINGS = YES;
				SWIFT_VERSION = 5.0;
				TARGETED_DEVICE_FAMILY = "1,2";
			};
			name = Debug;
		};
		BAB4D06E2A42A80400B340C5 /* Release */ = {
			isa = XCBuildConfiguration;
			buildSettings = {
				ASSETCATALOG_COMPILER_APPICON_NAME = AppIcon;
				ASSETCATALOG_COMPILER_GLOBAL_ACCENT_COLOR_NAME = AccentColor;
				CODE_SIGN_STYLE = Automatic;
				CURRENT_PROJECT_VERSION = 1;
				DEVELOPMENT_TEAM = 52FPZ2M6AZ;
				GENERATE_INFOPLIST_FILE = YES;
				INFOPLIST_FILE = PlaygroundUIKit/Info.plist;
				INFOPLIST_KEY_UIApplicationSupportsIndirectInputEvents = YES;
				INFOPLIST_KEY_UILaunchStoryboardName = LaunchScreen;
				INFOPLIST_KEY_UISupportedInterfaceOrientations_iPad = "UIInterfaceOrientationPortrait UIInterfaceOrientationPortraitUpsideDown UIInterfaceOrientationLandscapeLeft UIInterfaceOrientationLandscapeRight";
				INFOPLIST_KEY_UISupportedInterfaceOrientations_iPhone = "UIInterfaceOrientationPortrait UIInterfaceOrientationLandscapeLeft UIInterfaceOrientationLandscapeRight";
				LD_RUNPATH_SEARCH_PATHS = (
					"$(inherited)",
					"@executable_path/Frameworks",
				);
				MARKETING_VERSION = 1.0;
				PRODUCT_BUNDLE_IDENTIFIER = com.takumi.sakai.PlaygroundUIKit;
				PRODUCT_NAME = "$(TARGET_NAME)";
				SWIFT_EMIT_LOC_STRINGS = YES;
				SWIFT_VERSION = 5.0;
				TARGETED_DEVICE_FAMILY = "1,2";
			};
			name = Release;
		};
		BAB4D0702A42A80400B340C5 /* Debug */ = {
			isa = XCBuildConfiguration;
			buildSettings = {
				BUNDLE_LOADER = "$(TEST_HOST)";
				CODE_SIGN_STYLE = Automatic;
				CURRENT_PROJECT_VERSION = 1;
				GENERATE_INFOPLIST_FILE = YES;
				IPHONEOS_DEPLOYMENT_TARGET = 16.4;
				MARKETING_VERSION = 1.0;
				PRODUCT_BUNDLE_IDENTIFIER = sakai.PlaygroundUIKitTests;
				PRODUCT_NAME = "$(TARGET_NAME)";
				SWIFT_EMIT_LOC_STRINGS = NO;
				SWIFT_VERSION = 5.0;
				TARGETED_DEVICE_FAMILY = "1,2";
				TEST_HOST = "$(BUILT_PRODUCTS_DIR)/PlaygroundUIKit.app/$(BUNDLE_EXECUTABLE_FOLDER_PATH)/PlaygroundUIKit";
			};
			name = Debug;
		};
		BAB4D0712A42A80400B340C5 /* Release */ = {
			isa = XCBuildConfiguration;
			buildSettings = {
				BUNDLE_LOADER = "$(TEST_HOST)";
				CODE_SIGN_STYLE = Automatic;
				CURRENT_PROJECT_VERSION = 1;
				GENERATE_INFOPLIST_FILE = YES;
				IPHONEOS_DEPLOYMENT_TARGET = 16.4;
				MARKETING_VERSION = 1.0;
				PRODUCT_BUNDLE_IDENTIFIER = sakai.PlaygroundUIKitTests;
				PRODUCT_NAME = "$(TARGET_NAME)";
				SWIFT_EMIT_LOC_STRINGS = NO;
				SWIFT_VERSION = 5.0;
				TARGETED_DEVICE_FAMILY = "1,2";
				TEST_HOST = "$(BUILT_PRODUCTS_DIR)/PlaygroundUIKit.app/$(BUNDLE_EXECUTABLE_FOLDER_PATH)/PlaygroundUIKit";
			};
			name = Release;
		};
		BAB4D0732A42A80400B340C5 /* Debug */ = {
			isa = XCBuildConfiguration;
			buildSettings = {
				CODE_SIGN_STYLE = Automatic;
				CURRENT_PROJECT_VERSION = 1;
				GENERATE_INFOPLIST_FILE = YES;
				MARKETING_VERSION = 1.0;
				PRODUCT_BUNDLE_IDENTIFIER = sakai.PlaygroundUIKitUITests;
				PRODUCT_NAME = "$(TARGET_NAME)";
				SWIFT_EMIT_LOC_STRINGS = NO;
				SWIFT_VERSION = 5.0;
				TARGETED_DEVICE_FAMILY = "1,2";
				TEST_TARGET_NAME = PlaygroundUIKit;
			};
			name = Debug;
		};
		BAB4D0742A42A80400B340C5 /* Release */ = {
			isa = XCBuildConfiguration;
			buildSettings = {
				CODE_SIGN_STYLE = Automatic;
				CURRENT_PROJECT_VERSION = 1;
				GENERATE_INFOPLIST_FILE = YES;
				MARKETING_VERSION = 1.0;
				PRODUCT_BUNDLE_IDENTIFIER = sakai.PlaygroundUIKitUITests;
				PRODUCT_NAME = "$(TARGET_NAME)";
				SWIFT_EMIT_LOC_STRINGS = NO;
				SWIFT_VERSION = 5.0;
				TARGETED_DEVICE_FAMILY = "1,2";
				TEST_TARGET_NAME = PlaygroundUIKit;
			};
			name = Release;
		};
/* End XCBuildConfiguration section */

/* Begin XCConfigurationList section */
		BAB4D03D2A42A80300B340C5 /* Build configuration list for PBXProject "PlaygroundUIKit" */ = {
			isa = XCConfigurationList;
			buildConfigurations = (
				BAB4D06A2A42A80400B340C5 /* Debug */,
				BAB4D06B2A42A80400B340C5 /* Release */,
			);
			defaultConfigurationIsVisible = 0;
			defaultConfigurationName = Release;
		};
		BAB4D06C2A42A80400B340C5 /* Build configuration list for PBXNativeTarget "PlaygroundUIKit" */ = {
			isa = XCConfigurationList;
			buildConfigurations = (
				BAB4D06D2A42A80400B340C5 /* Debug */,
				BAB4D06E2A42A80400B340C5 /* Release */,
			);
			defaultConfigurationIsVisible = 0;
			defaultConfigurationName = Release;
		};
		BAB4D06F2A42A80400B340C5 /* Build configuration list for PBXNativeTarget "PlaygroundUIKitTests" */ = {
			isa = XCConfigurationList;
			buildConfigurations = (
				BAB4D0702A42A80400B340C5 /* Debug */,
				BAB4D0712A42A80400B340C5 /* Release */,
			);
			defaultConfigurationIsVisible = 0;
			defaultConfigurationName = Release;
		};
		BAB4D0722A42A80400B340C5 /* Build configuration list for PBXNativeTarget "PlaygroundUIKitUITests" */ = {
			isa = XCConfigurationList;
			buildConfigurations = (
				BAB4D0732A42A80400B340C5 /* Debug */,
				BAB4D0742A42A80400B340C5 /* Release */,
			);
			defaultConfigurationIsVisible = 0;
			defaultConfigurationName = Release;
		};
/* End XCConfigurationList section */
	};
	rootObject = BAB4D03A2A42A80300B340C5 /* Project object */;
}
